
Microsoft Visual Studio Solution File, Format Version 12.00
# Visual Studio 15
VisualStudioVersion = 15.0.28010.2046
MinimumVisualStudioVersion = 10.0.40219.1
Project("{FAE04EC0-301F-11D3-BF4B-00C04F79EFBC}") = "StrongPasswordGenerator", "StrongPasswordGenerator\StrongPasswordGenerator.csproj", "{C36AF0F8-3D3D-4668-A5C4-773C7E42623C}"
EndProject
Global
	GlobalSection(SolutionConfigurationPlatforms) = preSolution
		Debug|Any CPU = Debug|Any CPU
		Release|Any CPU = Release|Any CPU
	EndGlobalSection
	GlobalSection(ProjectConfigurationPlatforms) = postSolution
		{C36AF0F8-3D3D-4668-A5C4-773C7E42623C}.Debug|Any CPU.ActiveCfg = Debug|Any CPU
		{C36AF0F8-3D3D-4668-A5C4-773C7E42623C}.Debug|Any CPU.Build.0 = Debug|Any CPU
		{C36AF0F8-3D3D-4668-A5C4-773C7E42623C}.Release|Any CPU.ActiveCfg = Release|Any CPU
		{C36AF0F8-3D3D-4668-A5C4-773C7E42623C}.Release|Any CPU.Build.0 = Release|Any CPU
	EndGlobalSection
	GlobalSection(SolutionProperties) = preSolution
		HideSolutionNode = FALSE
	EndGlobalSection
	GlobalSection(ExtensibilityGlobals) = postSolution
		SolutionGuid = {81BBCAA6-5A77-4363-BEDE-C8EB49EF9E86}
	EndGlobalSection
EndGlobal
